
Microsoft Visual Studio Solution File, Format Version 12.00
# Visual Studio 14
VisualStudioVersion = 14.0.24720.0
MinimumVisualStudioVersion = 10.0.40219.1
Project("{FAE04EC0-301F-11D3-BF4B-00C04F79EFBC}") = "Luna_interpreter", "Luna_interpreter\Luna_interpreter.csproj", "{DD6AFA70-AA9C-43CD-9CEB-ED2BB2BD9E8F}"
EndProject
Project("{FAE04EC0-301F-11D3-BF4B-00C04F79EFBC}") = "WoLaDLL", "WoLaDLL\WoLaDLL.csproj", "{894EC155-3D86-40C8-BA32-F41CE4685D70}"
EndProject
Project("{FAE04EC0-301F-11D3-BF4B-00C04F79EFBC}") = "TestWoLaDLL", "TestWoLaDLL\TestWoLaDLL.csproj", "{ECD12F1A-41D6-4EFD-A6B3-D1A069949435}"
EndProject
Global
	GlobalSection(SolutionConfigurationPlatforms) = preSolution
		Debug|Any CPU = Debug|Any CPU
		Release|Any CPU = Release|Any CPU
	EndGlobalSection
	GlobalSection(ProjectConfigurationPlatforms) = postSolution
		{DD6AFA70-AA9C-43CD-9CEB-ED2BB2BD9E8F}.Debug|Any CPU.ActiveCfg = Debug|Any CPU
		{DD6AFA70-AA9C-43CD-9CEB-ED2BB2BD9E8F}.Debug|Any CPU.Build.0 = Debug|Any CPU
		{DD6AFA70-AA9C-43CD-9CEB-ED2BB2BD9E8F}.Release|Any CPU.ActiveCfg = Release|Any CPU
		{DD6AFA70-AA9C-43CD-9CEB-ED2BB2BD9E8F}.Release|Any CPU.Build.0 = Release|Any CPU
		{894EC155-3D86-40C8-BA32-F41CE4685D70}.Debug|Any CPU.ActiveCfg = Debug|Any CPU
		{894EC155-3D86-40C8-BA32-F41CE4685D70}.Debug|Any CPU.Build.0 = Debug|Any CPU
		{894EC155-3D86-40C8-BA32-F41CE4685D70}.Release|Any CPU.ActiveCfg = Release|Any CPU
		{894EC155-3D86-40C8-BA32-F41CE4685D70}.Release|Any CPU.Build.0 = Release|Any CPU
		{ECD12F1A-41D6-4EFD-A6B3-D1A069949435}.Debug|Any CPU.ActiveCfg = Debug|Any CPU
		{ECD12F1A-41D6-4EFD-A6B3-D1A069949435}.Debug|Any CPU.Build.0 = Debug|Any CPU
		{ECD12F1A-41D6-4EFD-A6B3-D1A069949435}.Release|Any CPU.ActiveCfg = Release|Any CPU
		{ECD12F1A-41D6-4EFD-A6B3-D1A069949435}.Release|Any CPU.Build.0 = Release|Any CPU
	EndGlobalSection
	GlobalSection(SolutionProperties) = preSolution
		HideSolutionNode = FALSE
	EndGlobalSection
EndGlobal
